
Microsoft Visual Studio Solution File, Format Version 12.00
# Visual Studio Version 16
VisualStudioVersion = 16.0.31410.357
MinimumVisualStudioVersion = 10.0.40219.1
Project("{8BC9CEB8-8B4A-11D0-8D11-00A0C91BC942}") = "FixBeacon", "FixBeacon\FixBeacon.vcxproj", "{CAC3C4EE-314D-4AD4-9959-728AE37F7904}"
EndProject
Project("{8BC9CEB8-8B4A-11D0-8D11-00A0C91BC942}") = "UnlockCmd", "UnlockCmd\TestPlugin.vcxproj", "{4E1F268E-B26B-4D3E-8B3C-E9B72B8B43DA}"
EndProject
Global
	GlobalSection(SolutionConfigurationPlatforms) = preSolution
		Debug|x64 = Debug|x64
		Debug|x86 = Debug|x86
		Release|x64 = Release|x64
		Release|x86 = Release|x86
	EndGlobalSection
	GlobalSection(ProjectConfigurationPlatforms) = postSolution
		{CAC3C4EE-314D-4AD4-9959-728AE37F7904}.Debug|x64.ActiveCfg = Debug|x64
		{CAC3C4EE-314D-4AD4-9959-728AE37F7904}.Debug|x64.Build.0 = Debug|x64
		{CAC3C4EE-314D-4AD4-9959-728AE37F7904}.Debug|x86.ActiveCfg = Debug|Win32
		{CAC3C4EE-314D-4AD4-9959-728AE37F7904}.Debug|x86.Build.0 = Debug|Win32
		{CAC3C4EE-314D-4AD4-9959-728AE37F7904}.Release|x64.ActiveCfg = Release|x64
		{CAC3C4EE-314D-4AD4-9959-728AE37F7904}.Release|x64.Build.0 = Release|x64
		{CAC3C4EE-314D-4AD4-9959-728AE37F7904}.Release|x86.ActiveCfg = Release|Win32
		{CAC3C4EE-314D-4AD4-9959-728AE37F7904}.Release|x86.Build.0 = Release|Win32
		{4E1F268E-B26B-4D3E-8B3C-E9B72B8B43DA}.Debug|x64.ActiveCfg = Debug|x64
		{4E1F268E-B26B-4D3E-8B3C-E9B72B8B43DA}.Debug|x64.Build.0 = Debug|x64
		{4E1F268E-B26B-4D3E-8B3C-E9B72B8B43DA}.Debug|x86.ActiveCfg = Debug|Win32
		{4E1F268E-B26B-4D3E-8B3C-E9B72B8B43DA}.Debug|x86.Build.0 = Debug|Win32
		{4E1F268E-B26B-4D3E-8B3C-E9B72B8B43DA}.Release|x64.ActiveCfg = Release|x64
		{4E1F268E-B26B-4D3E-8B3C-E9B72B8B43DA}.Release|x64.Build.0 = Release|x64
		{4E1F268E-B26B-4D3E-8B3C-E9B72B8B43DA}.Release|x86.ActiveCfg = Release|Win32
		{4E1F268E-B26B-4D3E-8B3C-E9B72B8B43DA}.Release|x86.Build.0 = Release|Win32
	EndGlobalSection
	GlobalSection(SolutionProperties) = preSolution
		HideSolutionNode = FALSE
	EndGlobalSection
	GlobalSection(ExtensibilityGlobals) = postSolution
		SolutionGuid = {CFBCF96F-8DEB-4BDF-A860-D07EA32D74A9}
	EndGlobalSection
EndGlobal
