
Microsoft Visual Studio Solution File, Format Version 12.00
# Visual Studio Version 17
VisualStudioVersion = 17.0.32002.185
MinimumVisualStudioVersion = 10.0.40219.1
Project("{8BC9CEB8-8B4A-11D0-8D11-00A0C91BC942}") = "BackupHelper", "BackupHelper\BackupHelper.vcxproj", "{CAC3C4EE-314D-4AD4-9959-728AE37F7904}"
EndProject
Project("{8BC9CEB8-8B4A-11D0-8D11-00A0C91BC942}") = "BanExplosion", "BanExplosion\BanExplosion.vcxproj", "{81A10CC5-9176-42B1-807E-4F9C216F810F}"
EndProject
Project("{8BC9CEB8-8B4A-11D0-8D11-00A0C91BC942}") = "BetterStop", "BetterStop\BetterStop.vcxproj", "{6800679A-DAAD-4B97-B896-309A8A01921A}"
EndProject
Project("{8BC9CEB8-8B4A-11D0-8D11-00A0C91BC942}") = "ScheduleCmd", "ScheduleCmd\ScheduleCmd.vcxproj", "{D98011C0-876F-4B03-8294-CD946F74C0F0}"
EndProject
Global
	GlobalSection(SolutionConfigurationPlatforms) = preSolution
		Debug|x64 = Debug|x64
		Debug|x86 = Debug|x86
		Release|x64 = Release|x64
		Release|x86 = Release|x86
	EndGlobalSection
	GlobalSection(ProjectConfigurationPlatforms) = postSolution
		{CAC3C4EE-314D-4AD4-9959-728AE37F7904}.Debug|x64.ActiveCfg = Debug|x64
		{CAC3C4EE-314D-4AD4-9959-728AE37F7904}.Debug|x64.Build.0 = Debug|x64
		{CAC3C4EE-314D-4AD4-9959-728AE37F7904}.Debug|x86.ActiveCfg = Debug|Win32
		{CAC3C4EE-314D-4AD4-9959-728AE37F7904}.Debug|x86.Build.0 = Debug|Win32
		{CAC3C4EE-314D-4AD4-9959-728AE37F7904}.Release|x64.ActiveCfg = Release|x64
		{CAC3C4EE-314D-4AD4-9959-728AE37F7904}.Release|x64.Build.0 = Release|x64
		{CAC3C4EE-314D-4AD4-9959-728AE37F7904}.Release|x86.ActiveCfg = Release|Win32
		{CAC3C4EE-314D-4AD4-9959-728AE37F7904}.Release|x86.Build.0 = Release|Win32
		{81A10CC5-9176-42B1-807E-4F9C216F810F}.Debug|x64.ActiveCfg = Debug|x64
		{81A10CC5-9176-42B1-807E-4F9C216F810F}.Debug|x64.Build.0 = Debug|x64
		{81A10CC5-9176-42B1-807E-4F9C216F810F}.Debug|x86.ActiveCfg = Debug|Win32
		{81A10CC5-9176-42B1-807E-4F9C216F810F}.Debug|x86.Build.0 = Debug|Win32
		{81A10CC5-9176-42B1-807E-4F9C216F810F}.Release|x64.ActiveCfg = Release|x64
		{81A10CC5-9176-42B1-807E-4F9C216F810F}.Release|x64.Build.0 = Release|x64
		{81A10CC5-9176-42B1-807E-4F9C216F810F}.Release|x86.ActiveCfg = Release|Win32
		{81A10CC5-9176-42B1-807E-4F9C216F810F}.Release|x86.Build.0 = Release|Win32
		{6800679A-DAAD-4B97-B896-309A8A01921A}.Debug|x64.ActiveCfg = Debug|x64
		{6800679A-DAAD-4B97-B896-309A8A01921A}.Debug|x64.Build.0 = Debug|x64
		{6800679A-DAAD-4B97-B896-309A8A01921A}.Debug|x86.ActiveCfg = Debug|Win32
		{6800679A-DAAD-4B97-B896-309A8A01921A}.Debug|x86.Build.0 = Debug|Win32
		{6800679A-DAAD-4B97-B896-309A8A01921A}.Release|x64.ActiveCfg = Release|x64
		{6800679A-DAAD-4B97-B896-309A8A01921A}.Release|x64.Build.0 = Release|x64
		{6800679A-DAAD-4B97-B896-309A8A01921A}.Release|x86.ActiveCfg = Release|Win32
		{6800679A-DAAD-4B97-B896-309A8A01921A}.Release|x86.Build.0 = Release|Win32
		{D98011C0-876F-4B03-8294-CD946F74C0F0}.Debug|x64.ActiveCfg = Debug|x64
		{D98011C0-876F-4B03-8294-CD946F74C0F0}.Debug|x64.Build.0 = Debug|x64
		{D98011C0-876F-4B03-8294-CD946F74C0F0}.Debug|x86.ActiveCfg = Debug|Win32
		{D98011C0-876F-4B03-8294-CD946F74C0F0}.Debug|x86.Build.0 = Debug|Win32
		{D98011C0-876F-4B03-8294-CD946F74C0F0}.Release|x64.ActiveCfg = Release|x64
		{D98011C0-876F-4B03-8294-CD946F74C0F0}.Release|x64.Build.0 = Release|x64
		{D98011C0-876F-4B03-8294-CD946F74C0F0}.Release|x86.ActiveCfg = Release|Win32
		{D98011C0-876F-4B03-8294-CD946F74C0F0}.Release|x86.Build.0 = Release|Win32
	EndGlobalSection
	GlobalSection(SolutionProperties) = preSolution
		HideSolutionNode = FALSE
	EndGlobalSection
	GlobalSection(ExtensibilityGlobals) = postSolution
		SolutionGuid = {CFBCF96F-8DEB-4BDF-A860-D07EA32D74A9}
	EndGlobalSection
EndGlobal
